// !$*UTF8*$!
{
	archiveVersion = 1;
	classes = {
	};
	objectVersion = 46;
	objects = {

/* Begin PBXBuildFile section */
		D946F05B1B7BA1DD00EABCD3 /* AppDelegate.swift in Sources */ = {isa = PBXBuildFile; fileRef = D946F05A1B7BA1DD00EABCD3 /* AppDelegate.swift */; };
		D946F05D1B7BA1DD00EABCD3 /* ViewController.swift in Sources */ = {isa = PBXBuildFile; fileRef = D946F05C1B7BA1DD00EABCD3 /* ViewController.swift */; };
		D946F0601B7BA1DD00EABCD3 /* Main.storyboard in Resources */ = {isa = PBXBuildFile; fileRef = D946F05E1B7BA1DD00EABCD3 /* Main.storyboard */; };
		D946F0621B7BA1DD00EABCD3 /* Images.xcassets in Resources */ = {isa = PBXBuildFile; fileRef = D946F0611B7BA1DD00EABCD3 /* Images.xcassets */; };
		D946F0651B7BA1DD00EABCD3 /* LaunchScreen.xib in Resources */ = {isa = PBXBuildFile; fileRef = D946F0631B7BA1DD00EABCD3 /* LaunchScreen.xib */; };
		D946F0801B7BA2CF00EABCD3 /* HollowMenu.framework in Frameworks */ = {isa = PBXBuildFile; fileRef = D946F07F1B7BA26E00EABCD3 /* HollowMenu.framework */; };
/* End PBXBuildFile section */

/* Begin PBXContainerItemProxy section */
		D946F07E1B7BA26E00EABCD3 /* PBXContainerItemProxy */ = {
			isa = PBXContainerItemProxy;
			containerPortal = D946F07A1B7BA26D00EABCD3 /* HollowMenu.xcodeproj */;
			proxyType = 2;
			remoteGlobalIDString = D95723DB1B73A2A90078BB46;
			remoteInfo = HollowMenu;
		};
/* End PBXContainerItemProxy section */

/* Begin PBXFileReference section */
		D946F0551B7BA1DD00EABCD3 /* HollowMenuDemo.app */ = {isa = PBXFileReference; explicitFileType = wrapper.application; includeInIndex = 0; path = HollowMenuDemo.app; sourceTree = BUILT_PRODUCTS_DIR; };
		D946F0591B7BA1DD00EABCD3 /* Info.plist */ = {isa = PBXFileReference; lastKnownFileType = text.plist.xml; path = Info.plist; sourceTree = "<group>"; };
		D946F05A1B7BA1DD00EABCD3 /* AppDelegate.swift */ = {isa = PBXFileReference; lastKnownFileType = sourcecode.swift; path = AppDelegate.swift; sourceTree = "<group>"; };
		D946F05C1B7BA1DD00EABCD3 /* ViewController.swift */ = {isa = PBXFileReference; lastKnownFileType = sourcecode.swift; path = ViewController.swift; sourceTree = "<group>"; };
		D946F05F1B7BA1DD00EABCD3 /* Base */ = {isa = PBXFileReference; lastKnownFileType = file.storyboard; name = Base; path = Base.lproj/Main.storyboard; sourceTree = "<group>"; };
		D946F0611B7BA1DD00EABCD3 /* Images.xcassets */ = {isa = PBXFileReference; lastKnownFileType = folder.assetcatalog; path = Images.xcassets; sourceTree = "<group>"; };
		D946F0641B7BA1DD00EABCD3 /* Base */ = {isa = PBXFileReference; lastKnownFileType = file.xib; name = Base; path = Base.lproj/LaunchScreen.xib; sourceTree = "<group>"; };
		D946F07A1B7BA26D00EABCD3 /* HollowMenu.xcodeproj */ = {isa = PBXFileReference; lastKnownFileType = "wrapper.pb-project"; name = HollowMenu.xcodeproj; path = ../HollowMenu.xcodeproj; sourceTree = "<group>"; };
/* End PBXFileReference section */

/* Begin PBXFrameworksBuildPhase section */
		D946F0521B7BA1DD00EABCD3 /* Frameworks */ = {
			isa = PBXFrameworksBuildPhase;
			buildActionMask = 2147483647;
			files = (
				D946F0801B7BA2CF00EABCD3 /* HollowMenu.framework in Frameworks */,
			);
			runOnlyForDeploymentPostprocessing = 0;
		};
/* End PBXFrameworksBuildPhase section */

/* Begin PBXGroup section */
		D946F04C1B7BA1DD00EABCD3 = {
			isa = PBXGroup;
			children = (
				D946F07A1B7BA26D00EABCD3 /* HollowMenu.xcodeproj */,
				D946F0571B7BA1DD00EABCD3 /* HollowMenuDemo */,
				D946F0561B7BA1DD00EABCD3 /* Products */,
			);
			sourceTree = "<group>";
		};
		D946F0561B7BA1DD00EABCD3 /* Products */ = {
			isa = PBXGroup;
			children = (
				D946F0551B7BA1DD00EABCD3 /* HollowMenuDemo.app */,
			);
			name = Products;
			sourceTree = "<group>";
		};
		D946F0571B7BA1DD00EABCD3 /* HollowMenuDemo */ = {
			isa = PBXGroup;
			children = (
				D946F05A1B7BA1DD00EABCD3 /* AppDelegate.swift */,
				D946F05C1B7BA1DD00EABCD3 /* ViewController.swift */,
				D946F05E1B7BA1DD00EABCD3 /* Main.storyboard */,
				D946F0611B7BA1DD00EABCD3 /* Images.xcassets */,
				D946F0631B7BA1DD00EABCD3 /* LaunchScreen.xib */,
				D946F0581B7BA1DD00EABCD3 /* Supporting Files */,
			);
			path = HollowMenuDemo;
			sourceTree = "<group>";
		};
		D946F0581B7BA1DD00EABCD3 /* Supporting Files */ = {
			isa = PBXGroup;
			children = (
				D946F0591B7BA1DD00EABCD3 /* Info.plist */,
			);
			name = "Supporting Files";
			sourceTree = "<group>";
		};
		D946F07B1B7BA26D00EABCD3 /* Products */ = {
			isa = PBXGroup;
			children = (
				D946F07F1B7BA26E00EABCD3 /* HollowMenu.framework */,
			);
			name = Products;
			sourceTree = "<group>";
		};
/* End PBXGroup section */

/* Begin PBXNativeTarget section */
		D946F0541B7BA1DD00EABCD3 /* HollowMenuDemo */ = {
			isa = PBXNativeTarget;
			buildConfigurationList = D946F0741B7BA1DD00EABCD3 /* Build configuration list for PBXNativeTarget "HollowMenuDemo" */;
			buildPhases = (
				D946F0511B7BA1DD00EABCD3 /* Sources */,
				D946F0521B7BA1DD00EABCD3 /* Frameworks */,
				D946F0531B7BA1DD00EABCD3 /* Resources */,
			);
			buildRules = (
			);
			dependencies = (
			);
			name = HollowMenuDemo;
			productName = HollowMenuDemo;
			productReference = D946F0551B7BA1DD00EABCD3 /* HollowMenuDemo.app */;
			productType = "com.apple.product-type.application";
		};
/* End PBXNativeTarget section */

/* Begin PBXProject section */
		D946F04D1B7BA1DD00EABCD3 /* Project object */ = {
			isa = PBXProject;
			attributes = {
				LastUpgradeCheck = 1110;
				ORGANIZATIONNAME = Pwater.org;
				TargetAttributes = {
					D946F0541B7BA1DD00EABCD3 = {
						CreatedOnToolsVersion = 6.3.2;
					};
				};
			};
			buildConfigurationList = D946F0501B7BA1DD00EABCD3 /* Build configuration list for PBXProject "HollowMenuDemo" */;
			compatibilityVersion = "Xcode 3.2";
			developmentRegion = en;
			hasScannedForEncodings = 0;
			knownRegions = (
				en,
				Base,
			);
			mainGroup = D946F04C1B7BA1DD00EABCD3;
			productRefGroup = D946F0561B7BA1DD00EABCD3 /* Products */;
			projectDirPath = "";
			projectReferences = (
				{
					ProductGroup = D946F07B1B7BA26D00EABCD3 /* Products */;
					ProjectRef = D946F07A1B7BA26D00EABCD3 /* HollowMenu.xcodeproj */;
				},
			);
			projectRoot = "";
			targets = (
				D946F0541B7BA1DD00EABCD3 /* HollowMenuDemo */,
			);
		};
/* End PBXProject section */

/* Begin PBXReferenceProxy section */
		D946F07F1B7BA26E00EABCD3 /* HollowMenu.framework */ = {
			isa = PBXReferenceProxy;
			fileType = wrapper.framework;
			path = HollowMenu.framework;
			remoteRef = D946F07E1B7BA26E00EABCD3 /* PBXContainerItemProxy */;
			sourceTree = BUILT_PRODUCTS_DIR;
		};
/* End PBXReferenceProxy section */

/* Begin PBXResourcesBuildPhase section */
		D946F0531B7BA1DD00EABCD3 /* Resources */ = {
			isa = PBXResourcesBuildPhase;
			buildActionMask = 2147483647;
			files = (
				D946F0601B7BA1DD00EABCD3 /* Main.storyboard in Resources */,
				D946F0651B7BA1DD00EABCD3 /* LaunchScreen.xib in Resources */,
				D946F0621B7BA1DD00EABCD3 /* Images.xcassets in Resources */,
			);
			runOnlyForDeploymentPostprocessing = 0;
		};
/* End PBXResourcesBuildPhase section */

/* Begin PBXSourcesBuildPhase section */
		D946F0511B7BA1DD00EABCD3 /* Sources */ = {
			isa = PBXSourcesBuildPhase;
			buildActionMask = 2147483647;
			files = (
				D946F05D1B7BA1DD00EABCD3 /* ViewController.swift in Sources */,
				D946F05B1B7BA1DD00EABCD3 /* AppDelegate.swift in Sources */,
			);
			runOnlyForDeploymentPostprocessing = 0;
		};
/* End PBXSourcesBuildPhase section */

/* Begin PBXVariantGroup section */
		D946F05E1B7BA1DD00EABCD3 /* Main.storyboard */ = {
			isa = PBXVariantGroup;
			children = (
				D946F05F1B7BA1DD00EABCD3 /* Base */,
			);
			name = Main.storyboard;
			sourceTree = "<group>";
		};
		D946F0631B7BA1DD00EABCD3 /* LaunchScreen.xib */ = {
			isa = PBXVariantGroup;
			children = (
				D946F0641B7BA1DD00EABCD3 /* Base */,
			);
			name = LaunchScreen.xib;
			sourceTree = "<group>";
		};
/* End PBXVariantGroup section */

/* Begin XCBuildConfiguration section */
		D946F0721B7BA1DD00EABCD3 /* Debug */ = {
			isa = XCBuildConfiguration;
			buildSettings = {
				ALWAYS_SEARCH_USER_PATHS = NO;
				CLANG_ANALYZER_LOCALIZABILITY_NONLOCALIZED = YES;
				CLANG_CXX_LANGUAGE_STANDARD = "gnu++0x";
				CLANG_CXX_LIBRARY = "libc++";
				CLANG_ENABLE_MODULES = YES;
				CLANG_ENABLE_OBJC_ARC = YES;
				CLANG_WARN_BLOCK_CAPTURE_AUTORELEASING = YES;
				CLANG_WARN_BOOL_CONVERSION = YES;
				CLANG_WARN_COMMA = YES;
				CLANG_WARN_CONSTANT_CONVERSION = YES;
				CLANG_WARN_DEPRECATED_OBJC_IMPLEMENTATIONS = YES;
				CLANG_WARN_DIRECT_OBJC_ISA_USAGE = YES_ERROR;
				CLANG_WARN_EMPTY_BODY = YES;
				CLANG_WARN_ENUM_CONVERSION = YES;
				CLANG_WARN_INFINITE_RECURSION = YES;
				CLANG_WARN_INT_CONVERSION = YES;
				CLANG_WARN_NON_LITERAL_NULL_CONVERSION = YES;
				CLANG_WARN_OBJC_IMPLICIT_RETAIN_SELF = YES;
				CLANG_WARN_OBJC_LITERAL_CONVERSION = YES;
				CLANG_WARN_OBJC_ROOT_CLASS = YES_ERROR;
				CLANG_WARN_RANGE_LOOP_ANALYSIS = YES;
				CLANG_WARN_STRICT_PROTOTYPES = YES;
				CLANG_WARN_SUSPICIOUS_MOVE = YES;
				CLANG_WARN_UNREACHABLE_CODE = YES;
				CLANG_WARN__DUPLICATE_METHOD_MATCH = YES;
				"CODE_SIGN_IDENTITY[sdk=iphoneos*]" = "iPhone Developer";
				COPY_PHASE_STRIP = NO;
				DEBUG_INFORMATION_FORMAT = "dwarf-with-dsym";
				ENABLE_STRICT_OBJC_MSGSEND = YES;
				ENABLE_TESTABILITY = YES;
				GCC_C_LANGUAGE_STANDARD = gnu99;
				GCC_DYNAMIC_NO_PIC = NO;
				GCC_NO_COMMON_BLOCKS = YES;
				GCC_OPTIMIZATION_LEVEL = 0;
				GCC_PREPROCESSOR_DEFINITIONS = (
					"DEBUG=1",
					"$(inherited)",
				);
				GCC_SYMBOLS_PRIVATE_EXTERN = NO;
				GCC_WARN_64_TO_32_BIT_CONVERSION = YES;
				GCC_WARN_ABOUT_RETURN_TYPE = YES_ERROR;
				GCC_WARN_UNDECLARED_SELECTOR = YES;
				GCC_WARN_UNINITIALIZED_AUTOS = YES_AGGRESSIVE;
				GCC_WARN_UNUSED_FUNCTION = YES;
				GCC_WARN_UNUSED_VARIABLE = YES;
				IPHONEOS_DEPLOYMENT_TARGET = 8.0;
				MTL_ENABLE_DEBUG_INFO = YES;
				ONLY_ACTIVE_ARCH = YES;
				SDKROOT = iphoneos;
				SWIFT_OPTIMIZATION_LEVEL = "-Onone";
				SWIFT_VERSION = 5.0;
				TARGETED_DEVICE_FAMILY = "1,2";
			};
			name = Debug;
		};
		D946F0731B7BA1DD00EABCD3 /* Release */ = {
			isa = XCBuildConfiguration;
			buildSettings = {
				ALWAYS_SEARCH_USER_PATHS = NO;
				CLANG_ANALYZER_LOCALIZABILITY_NONLOCALIZED = YES;
				CLANG_CXX_LANGUAGE_STANDARD = "gnu++0x";
				CLANG_CXX_LIBRARY = "libc++";
				CLANG_ENABLE_MODULES = YES;
				CLANG_ENABLE_OBJC_ARC = YES;
				CLANG_WARN_BLOCK_CAPTURE_AUTORELEASING = YES;
				CLANG_WARN_BOOL_CONVERSION = YES;
				CLANG_WARN_COMMA = YES;
				CLANG_WARN_CONSTANT_CONVERSION = YES;
				CLANG_WARN_DEPRECATED_OBJC_IMPLEMENTATIONS = YES;
				CLANG_WARN_DIRECT_OBJC_ISA_USAGE = YES_ERROR;
				CLANG_WARN_EMPTY_BODY = YES;
				CLANG_WARN_ENUM_CONVERSION = YES;
				CLANG_WARN_INFINITE_RECURSION = YES;
				CLANG_WARN_INT_CONVERSION = YES;
				CLANG_WARN_NON_LITERAL_NULL_CONVERSION = YES;
				CLANG_WARN_OBJC_IMPLICIT_RETAIN_SELF = YES;
				CLANG_WARN_OBJC_LITERAL_CONVERSION = YES;
				CLANG_WARN_OBJC_ROOT_CLASS = YES_ERROR;
				CLANG_WARN_RANGE_LOOP_ANALYSIS = YES;
				CLANG_WARN_STRICT_PROTOTYPES = YES;
				CLANG_WARN_SUSPICIOUS_MOVE = YES;
				CLANG_WARN_UNREACHABLE_CODE = YES;
				CLANG_WARN__DUPLICATE_METHOD_MATCH = YES;
				"CODE_SIGN_IDENTITY[sdk=iphoneos*]" = "iPhone Developer";
				COPY_PHASE_STRIP = NO;
				DEBUG_INFORMATION_FORMAT = "dwarf-with-dsym";
				ENABLE_NS_ASSERTIONS = NO;
				ENABLE_STRICT_OBJC_MSGSEND = YES;
				GCC_C_LANGUAGE_STANDARD = gnu99;
				GCC_NO_COMMON_BLOCKS = YES;
				GCC_WARN_64_TO_32_BIT_CONVERSION = YES;
				GCC_WARN_ABOUT_RETURN_TYPE = YES_ERROR;
				GCC_WARN_UNDECLARED_SELECTOR = YES;
				GCC_WARN_UNINITIALIZED_AUTOS = YES_AGGRESSIVE;
				GCC_WARN_UNUSED_FUNCTION = YES;
				GCC_WARN_UNUSED_VARIABLE = YES;
				IPHONEOS_DEPLOYMENT_TARGET = 8.0;
				MTL_ENABLE_DEBUG_INFO = NO;
				SDKROOT = iphoneos;
				SWIFT_COMPILATION_MODE = wholemodule;
				SWIFT_VERSION = 5.0;
				TARGETED_DEVICE_FAMILY = "1,2";
				VALIDATE_PRODUCT = YES;
			};
			name = Release;
		};
		D946F0751B7BA1DD00EABCD3 /* Debug */ = {
			isa = XCBuildConfiguration;
			buildSettings = {
				ASSETCATALOG_COMPILER_APPICON_NAME = AppIcon;
				INFOPLIST_FILE = HollowMenuDemo/Info.plist;
				LD_RUNPATH_SEARCH_PATHS = "$(inherited) @executable_path/Frameworks";
				PRODUCT_BUNDLE_IDENTIFIER = "org.pwater.$(PRODUCT_NAME:rfc1034identifier)";
				PRODUCT_NAME = "$(TARGET_NAME)";
			};
			name = Debug;
		};
		D946F0761B7BA1DD00EABCD3 /* Release */ = {
			isa = XCBuildConfiguration;
			buildSettings = {
				ASSETCATALOG_COMPILER_APPICON_NAME = AppIcon;
				INFOPLIST_FILE = HollowMenuDemo/Info.plist;
				LD_RUNPATH_SEARCH_PATHS = "$(inherited) @executable_path/Frameworks";
				PRODUCT_BUNDLE_IDENTIFIER = "org.pwater.$(PRODUCT_NAME:rfc1034identifier)";
				PRODUCT_NAME = "$(TARGET_NAME)";
			};
			name = Release;
		};
/* End XCBuildConfiguration section */

/* Begin XCConfigurationList section */
		D946F0501B7BA1DD00EABCD3 /* Build configuration list for PBXProject "HollowMenuDemo" */ = {
			isa = XCConfigurationList;
			buildConfigurations = (
				D946F0721B7BA1DD00EABCD3 /* Debug */,
				D946F0731B7BA1DD00EABCD3 /* Release */,
			);
			defaultConfigurationIsVisible = 0;
			defaultConfigurationName = Release;
		};
		D946F0741B7BA1DD00EABCD3 /* Build configuration list for PBXNativeTarget "HollowMenuDemo" */ = {
			isa = XCConfigurationList;
			buildConfigurations = (
				D946F0751B7BA1DD00EABCD3 /* Debug */,
				D946F0761B7BA1DD00EABCD3 /* Release */,
			);
			defaultConfigurationIsVisible = 0;
			defaultConfigurationName = Release;
		};
/* End XCConfigurationList section */
	};
	rootObject = D946F04D1B7BA1DD00EABCD3 /* Project object */;
}
